// !$*UTF8*$!
{
	archiveVersion = 1;
	classes = {
	};
	objectVersion = 55;
	objects = {

/* Begin PBXBuildFile section */
		F7BB4A252771FE1D0040A3C3 /* AppDelegate.swift in Sources */ = {isa = PBXBuildFile; fileRef = F7BB4A242771FE1D0040A3C3 /* AppDelegate.swift */; };
		F7BB4A272771FE1D0040A3C3 /* ContentView.swift in Sources */ = {isa = PBXBuildFile; fileRef = F7BB4A262771FE1D0040A3C3 /* ContentView.swift */; };
		F7BB4A292771FE1D0040A3C3 /* Experience.rcproject in Sources */ = {isa = PBXBuildFile; fileRef = F7BB4A282771FE1D0040A3C3 /* Experience.rcproject */; };
		F7BB4A2B2771FE1E0040A3C3 /* Assets.xcassets in Resources */ = {isa = PBXBuildFile; fileRef = F7BB4A2A2771FE1E0040A3C3 /* Assets.xcassets */; };
		F7BB4A2E2771FE1E0040A3C3 /* Preview Assets.xcassets in Resources */ = {isa = PBXBuildFile; fileRef = F7BB4A2D2771FE1E0040A3C3 /* Preview Assets.xcassets */; };
		F7BB4A382771FE1E0040A3C3 /* aTests.swift in Sources */ = {isa = PBXBuildFile; fileRef = F7BB4A372771FE1E0040A3C3 /* aTests.swift */; };
		F7BB4A422771FE1E0040A3C3 /* aUITests.swift in Sources */ = {isa = PBXBuildFile; fileRef = F7BB4A412771FE1E0040A3C3 /* aUITests.swift */; };
		F7BB4A442771FE1E0040A3C3 /* aUITestsLaunchTests.swift in Sources */ = {isa = PBXBuildFile; fileRef = F7BB4A432771FE1E0040A3C3 /* aUITestsLaunchTests.swift */; };
/* End PBXBuildFile section */

/* Begin PBXContainerItemProxy section */
		F7BB4A342771FE1E0040A3C3 /* PBXContainerItemProxy */ = {
			isa = PBXContainerItemProxy;
			containerPortal = F7BB4A192771FE1D0040A3C3 /* Project object */;
			proxyType = 1;
			remoteGlobalIDString = F7BB4A202771FE1D0040A3C3;
			remoteInfo = a;
		};
		F7BB4A3E2771FE1E0040A3C3 /* PBXContainerItemProxy */ = {
			isa = PBXContainerItemProxy;
			containerPortal = F7BB4A192771FE1D0040A3C3 /* Project object */;
			proxyType = 1;
			remoteGlobalIDString = F7BB4A202771FE1D0040A3C3;
			remoteInfo = a;
		};
/* End PBXContainerItemProxy section */

/* Begin PBXFileReference section */
		F7BB4A212771FE1D0040A3C3 /* a.app */ = {isa = PBXFileReference; explicitFileType = wrapper.application; includeInIndex = 0; path = a.app; sourceTree = BUILT_PRODUCTS_DIR; };
		F7BB4A242771FE1D0040A3C3 /* AppDelegate.swift */ = {isa = PBXFileReference; lastKnownFileType = sourcecode.swift; path = AppDelegate.swift; sourceTree = "<group>"; };
		F7BB4A262771FE1D0040A3C3 /* ContentView.swift */ = {isa = PBXFileReference; lastKnownFileType = sourcecode.swift; path = ContentView.swift; sourceTree = "<group>"; };
		F7BB4A282771FE1D0040A3C3 /* Experience.rcproject */ = {isa = PBXFileReference; lastKnownFileType = file.rcproject; path = Experience.rcproject; sourceTree = "<group>"; };
		F7BB4A2A2771FE1E0040A3C3 /* Assets.xcassets */ = {isa = PBXFileReference; lastKnownFileType = folder.assetcatalog; path = Assets.xcassets; sourceTree = "<group>"; };
		F7BB4A2D2771FE1E0040A3C3 /* Preview Assets.xcassets */ = {isa = PBXFileReference; lastKnownFileType = folder.assetcatalog; path = "Preview Assets.xcassets"; sourceTree = "<group>"; };
		F7BB4A332771FE1E0040A3C3 /* aTests.xctest */ = {isa = PBXFileReference; explicitFileType = wrapper.cfbundle; includeInIndex = 0; path = aTests.xctest; sourceTree = BUILT_PRODUCTS_DIR; };
		F7BB4A372771FE1E0040A3C3 /* aTests.swift */ = {isa = PBXFileReference; lastKnownFileType = sourcecode.swift; path = aTests.swift; sourceTree = "<group>"; };
		F7BB4A3D2771FE1E0040A3C3 /* aUITests.xctest */ = {isa = PBXFileReference; explicitFileType = wrapper.cfbundle; includeInIndex = 0; path = aUITests.xctest; sourceTree = BUILT_PRODUCTS_DIR; };
		F7BB4A412771FE1E0040A3C3 /* aUITests.swift */ = {isa = PBXFileReference; lastKnownFileType = sourcecode.swift; path = aUITests.swift; sourceTree = "<group>"; };
		F7BB4A432771FE1E0040A3C3 /* aUITestsLaunchTests.swift */ = {isa = PBXFileReference; lastKnownFileType = sourcecode.swift; path = aUITestsLaunchTests.swift; sourceTree = "<group>"; };
/* End PBXFileReference section */

/* Begin PBXFrameworksBuildPhase section */
		F7BB4A1E2771FE1D0040A3C3 /* Frameworks */ = {
			isa = PBXFrameworksBuildPhase;
			buildActionMask = 2147483647;
			files = (
			);
			runOnlyForDeploymentPostprocessing = 0;
		};
		F7BB4A302771FE1E0040A3C3 /* Frameworks */ = {
			isa = PBXFrameworksBuildPhase;
			buildActionMask = 2147483647;
			files = (
			);
			runOnlyForDeploymentPostprocessing = 0;
		};
		F7BB4A3A2771FE1E0040A3C3 /* Frameworks */ = {
			isa = PBXFrameworksBuildPhase;
			buildActionMask = 2147483647;
			files = (
			);
			runOnlyForDeploymentPostprocessing = 0;
		};
/* End PBXFrameworksBuildPhase section */

/* Begin PBXGroup section */
		F7BB4A182771FE1D0040A3C3 = {
			isa = PBXGroup;
			children = (
				F7BB4A232771FE1D0040A3C3 /* a */,
				F7BB4A362771FE1E0040A3C3 /* aTests */,
				F7BB4A402771FE1E0040A3C3 /* aUITests */,
				F7BB4A222771FE1D0040A3C3 /* Products */,
			);
			sourceTree = "<group>";
		};
		F7BB4A222771FE1D0040A3C3 /* Products */ = {
			isa = PBXGroup;
			children = (
				F7BB4A212771FE1D0040A3C3 /* a.app */,
				F7BB4A332771FE1E0040A3C3 /* aTests.xctest */,
				F7BB4A3D2771FE1E0040A3C3 /* aUITests.xctest */,
			);
			name = Products;
			sourceTree = "<group>";
		};
		F7BB4A232771FE1D0040A3C3 /* a */ = {
			isa = PBXGroup;
			children = (
				F7BB4A242771FE1D0040A3C3 /* AppDelegate.swift */,
				F7BB4A262771FE1D0040A3C3 /* ContentView.swift */,
				F7BB4A282771FE1D0040A3C3 /* Experience.rcproject */,
				F7BB4A2A2771FE1E0040A3C3 /* Assets.xcassets */,
				F7BB4A2C2771FE1E0040A3C3 /* Preview Content */,
			);
			path = a;
			sourceTree = "<group>";
		};
		F7BB4A2C2771FE1E0040A3C3 /* Preview Content */ = {
			isa = PBXGroup;
			children = (
				F7BB4A2D2771FE1E0040A3C3 /* Preview Assets.xcassets */,
			);
			path = "Preview Content";
			sourceTree = "<group>";
		};
		F7BB4A362771FE1E0040A3C3 /* aTests */ = {
			isa = PBXGroup;
			children = (
				F7BB4A372771FE1E0040A3C3 /* aTests.swift */,
			);
			path = aTests;
			sourceTree = "<group>";
		};
		F7BB4A402771FE1E0040A3C3 /* aUITests */ = {
			isa = PBXGroup;
			children = (
				F7BB4A412771FE1E0040A3C3 /* aUITests.swift */,
				F7BB4A432771FE1E0040A3C3 /* aUITestsLaunchTests.swift */,
			);
			path = aUITests;
			sourceTree = "<group>";
		};
/* End PBXGroup section */

/* Begin PBXNativeTarget section */
		F7BB4A202771FE1D0040A3C3 /* a */ = {
			isa = PBXNativeTarget;
			buildConfigurationList = F7BB4A472771FE1E0040A3C3 /* Build configuration list for PBXNativeTarget "a" */;
			buildPhases = (
				F7BB4A1D2771FE1D0040A3C3 /* Sources */,
				F7BB4A1E2771FE1D0040A3C3 /* Frameworks */,
				F7BB4A1F2771FE1D0040A3C3 /* Resources */,
			);
			buildRules = (
			);
			dependencies = (
			);
			name = a;
			productName = a;
			productReference = F7BB4A212771FE1D0040A3C3 /* a.app */;
			productType = "com.apple.product-type.application";
		};
		F7BB4A322771FE1E0040A3C3 /* aTests */ = {
			isa = PBXNativeTarget;
			buildConfigurationList = F7BB4A4A2771FE1E0040A3C3 /* Build configuration list for PBXNativeTarget "aTests" */;
			buildPhases = (
				F7BB4A2F2771FE1E0040A3C3 /* Sources */,
				F7BB4A302771FE1E0040A3C3 /* Frameworks */,
				F7BB4A312771FE1E0040A3C3 /* Resources */,
			);
			buildRules = (
			);
			dependencies = (
				F7BB4A352771FE1E0040A3C3 /* PBXTargetDependency */,
			);
			name = aTests;
			productName = aTests;
			productReference = F7BB4A332771FE1E0040A3C3 /* aTests.xctest */;
			productType = "com.apple.product-type.bundle.unit-test";
		};
		F7BB4A3C2771FE1E0040A3C3 /* aUITests */ = {
			isa = PBXNativeTarget;
			buildConfigurationList = F7BB4A4D2771FE1E0040A3C3 /* Build configuration list for PBXNativeTarget "aUITests" */;
			buildPhases = (
				F7BB4A392771FE1E0040A3C3 /* Sources */,
				F7BB4A3A2771FE1E0040A3C3 /* Frameworks */,
				F7BB4A3B2771FE1E0040A3C3 /* Resources */,
			);
			buildRules = (
			);
			dependencies = (
				F7BB4A3F2771FE1E0040A3C3 /* PBXTargetDependency */,
			);
			name = aUITests;
			productName = aUITests;
			productReference = F7BB4A3D2771FE1E0040A3C3 /* aUITests.xctest */;
			productType = "com.apple.product-type.bundle.ui-testing";
		};
/* End PBXNativeTarget section */

/* Begin PBXProject section */
		F7BB4A192771FE1D0040A3C3 /* Project object */ = {
			isa = PBXProject;
			attributes = {
				BuildIndependentTargetsInParallel = 1;
				LastSwiftUpdateCheck = 1320;
				LastUpgradeCheck = 1320;
				TargetAttributes = {
					F7BB4A202771FE1D0040A3C3 = {
						CreatedOnToolsVersion = 13.2.1;
					};
					F7BB4A322771FE1E0040A3C3 = {
						CreatedOnToolsVersion = 13.2.1;
						TestTargetID = F7BB4A202771FE1D0040A3C3;
					};
					F7BB4A3C2771FE1E0040A3C3 = {
						CreatedOnToolsVersion = 13.2.1;
						TestTargetID = F7BB4A202771FE1D0040A3C3;
					};
				};
			};
			buildConfigurationList = F7BB4A1C2771FE1D0040A3C3 /* Build configuration list for PBXProject "a" */;
			compatibilityVersion = "Xcode 13.0";
			developmentRegion = en;
			hasScannedForEncodings = 0;
			knownRegions = (
				en,
				Base,
			);
			mainGroup = F7BB4A182771FE1D0040A3C3;
			productRefGroup = F7BB4A222771FE1D0040A3C3 /* Products */;
			projectDirPath = "";
			projectRoot = "";
			targets = (
				F7BB4A202771FE1D0040A3C3 /* a */,
				F7BB4A322771FE1E0040A3C3 /* aTests */,
				F7BB4A3C2771FE1E0040A3C3 /* aUITests */,
			);
		};
/* End PBXProject section */

/* Begin PBXResourcesBuildPhase section */
		F7BB4A1F2771FE1D0040A3C3 /* Resources */ = {
			isa = PBXResourcesBuildPhase;
			buildActionMask = 2147483647;
			files = (
				F7BB4A2E2771FE1E0040A3C3 /* Preview Assets.xcassets in Resources */,
				F7BB4A2B2771FE1E0040A3C3 /* Assets.xcassets in Resources */,
			);
			runOnlyForDeploymentPostprocessing = 0;
		};
		F7BB4A312771FE1E0040A3C3 /* Resources */ = {
			isa = PBXResourcesBuildPhase;
			buildActionMask = 2147483647;
			files = (
			);
			runOnlyForDeploymentPostprocessing = 0;
		};
		F7BB4A3B2771FE1E0040A3C3 /* Resources */ = {
			isa = PBXResourcesBuildPhase;
			buildActionMask = 2147483647;
			files = (
			);
			runOnlyForDeploymentPostprocessing = 0;
		};
/* End PBXResourcesBuildPhase section */

/* Begin PBXSourcesBuildPhase section */
		F7BB4A1D2771FE1D0040A3C3 /* Sources */ = {
			isa = PBXSourcesBuildPhase;
			buildActionMask = 2147483647;
			files = (
				F7BB4A272771FE1D0040A3C3 /* ContentView.swift in Sources */,
				F7BB4A252771FE1D0040A3C3 /* AppDelegate.swift in Sources */,
				F7BB4A292771FE1D0040A3C3 /* Experience.rcproject in Sources */,
			);
			runOnlyForDeploymentPostprocessing = 0;
		};
		F7BB4A2F2771FE1E0040A3C3 /* Sources */ = {
			isa = PBXSourcesBuildPhase;
			buildActionMask = 2147483647;
			files = (
				F7BB4A382771FE1E0040A3C3 /* aTests.swift in Sources */,
			);
			runOnlyForDeploymentPostprocessing = 0;
		};
		F7BB4A392771FE1E0040A3C3 /* Sources */ = {
			isa = PBXSourcesBuildPhase;
			buildActionMask = 2147483647;
			files = (
				F7BB4A442771FE1E0040A3C3 /* aUITestsLaunchTests.swift in Sources */,
				F7BB4A422771FE1E0040A3C3 /* aUITests.swift in Sources */,
			);
			runOnlyForDeploymentPostprocessing = 0;
		};
/* End PBXSourcesBuildPhase section */

/* Begin PBXTargetDependency section */
		F7BB4A352771FE1E0040A3C3 /* PBXTargetDependency */ = {
			isa = PBXTargetDependency;
			target = F7BB4A202771FE1D0040A3C3 /* a */;
			targetProxy = F7BB4A342771FE1E0040A3C3 /* PBXContainerItemProxy */;
		};
		F7BB4A3F2771FE1E0040A3C3 /* PBXTargetDependency */ = {
			isa = PBXTargetDependency;
			target = F7BB4A202771FE1D0040A3C3 /* a */;
			targetProxy = F7BB4A3E2771FE1E0040A3C3 /* PBXContainerItemProxy */;
		};
/* End PBXTargetDependency section */

/* Begin XCBuildConfiguration section */
		F7BB4A452771FE1E0040A3C3 /* Debug */ = {
			isa = XCBuildConfiguration;
			buildSettings = {
				ALWAYS_SEARCH_USER_PATHS = NO;
				CLANG_ANALYZER_NONNULL = YES;
				CLANG_ANALYZER_NUMBER_OBJECT_CONVERSION = YES_AGGRESSIVE;
				CLANG_CXX_LANGUAGE_STANDARD = "gnu++17";
				CLANG_CXX_LIBRARY = "libc++";
				CLANG_ENABLE_MODULES = YES;
				CLANG_ENABLE_OBJC_ARC = YES;
				CLANG_ENABLE_OBJC_WEAK = YES;
				CLANG_WARN_BLOCK_CAPTURE_AUTORELEASING = YES;
				CLANG_WARN_BOOL_CONVERSION = YES;
				CLANG_WARN_COMMA = YES;
				CLANG_WARN_CONSTANT_CONVERSION = YES;
				CLANG_WARN_DEPRECATED_OBJC_IMPLEMENTATIONS = YES;
				CLANG_WARN_DIRECT_OBJC_ISA_USAGE = YES_ERROR;
				CLANG_WARN_DOCUMENTATION_COMMENTS = YES;
				CLANG_WARN_EMPTY_BODY = YES;
				CLANG_WARN_ENUM_CONVERSION = YES;
				CLANG_WARN_INFINITE_RECURSION = YES;
				CLANG_WARN_INT_CONVERSION = YES;
				CLANG_WARN_NON_LITERAL_NULL_CONVERSION = YES;
				CLANG_WARN_OBJC_IMPLICIT_RETAIN_SELF = YES;
				CLANG_WARN_OBJC_LITERAL_CONVERSION = YES;
				CLANG_WARN_OBJC_ROOT_CLASS = YES_ERROR;
				CLANG_WARN_QUOTED_INCLUDE_IN_FRAMEWORK_HEADER = YES;
				CLANG_WARN_RANGE_LOOP_ANALYSIS = YES;
				CLANG_WARN_STRICT_PROTOTYPES = YES;
				CLANG_WARN_SUSPICIOUS_MOVE = YES;
				CLANG_WARN_UNGUARDED_AVAILABILITY = YES_AGGRESSIVE;
				CLANG_WARN_UNREACHABLE_CODE = YES;
				CLANG_WARN__DUPLICATE_METHOD_MATCH = YES;
				COPY_PHASE_STRIP = NO;
				DEBUG_INFORMATION_FORMAT = dwarf;
				ENABLE_STRICT_OBJC_MSGSEND = YES;
				ENABLE_TESTABILITY = YES;
				GCC_C_LANGUAGE_STANDARD = gnu11;
				GCC_DYNAMIC_NO_PIC = NO;
				GCC_NO_COMMON_BLOCKS = YES;
				GCC_OPTIMIZATION_LEVEL = 0;
				GCC_PREPROCESSOR_DEFINITIONS = (
					"DEBUG=1",
					"$(inherited)",
				);
				GCC_WARN_64_TO_32_BIT_CONVERSION = YES;
				GCC_WARN_ABOUT_RETURN_TYPE = YES_ERROR;
				GCC_WARN_UNDECLARED_SELECTOR = YES;
				GCC_WARN_UNINITIALIZED_AUTOS = YES_AGGRESSIVE;
				GCC_WARN_UNUSED_FUNCTION = YES;
				GCC_WARN_UNUSED_VARIABLE = YES;
				IPHONEOS_DEPLOYMENT_TARGET = 15.2;
				MTL_ENABLE_DEBUG_INFO = INCLUDE_SOURCE;
				MTL_FAST_MATH = YES;
				ONLY_ACTIVE_ARCH = YES;
				SDKROOT = iphoneos;
				SWIFT_ACTIVE_COMPILATION_CONDITIONS = DEBUG;
				SWIFT_OPTIMIZATION_LEVEL = "-Onone";
			};
			name = Debug;
		};
		F7BB4A462771FE1E0040A3C3 /* Release */ = {
			isa = XCBuildConfiguration;
			buildSettings = {
				ALWAYS_SEARCH_USER_PATHS = NO;
				CLANG_ANALYZER_NONNULL = YES;
				CLANG_ANALYZER_NUMBER_OBJECT_CONVERSION = YES_AGGRESSIVE;
				CLANG_CXX_LANGUAGE_STANDARD = "gnu++17";
				CLANG_CXX_LIBRARY = "libc++";
				CLANG_ENABLE_MODULES = YES;
				CLANG_ENABLE_OBJC_ARC = YES;
				CLANG_ENABLE_OBJC_WEAK = YES;
				CLANG_WARN_BLOCK_CAPTURE_AUTORELEASING = YES;
				CLANG_WARN_BOOL_CONVERSION = YES;
				CLANG_WARN_COMMA = YES;
				CLANG_WARN_CONSTANT_CONVERSION = YES;
				CLANG_WARN_DEPRECATED_OBJC_IMPLEMENTATIONS = YES;
				CLANG_WARN_DIRECT_OBJC_ISA_USAGE = YES_ERROR;
				CLANG_WARN_DOCUMENTATION_COMMENTS = YES;
				CLANG_WARN_EMPTY_BODY = YES;
				CLANG_WARN_ENUM_CONVERSION = YES;
				CLANG_WARN_INFINITE_RECURSION = YES;
				CLANG_WARN_INT_CONVERSION = YES;
				CLANG_WARN_NON_LITERAL_NULL_CONVERSION = YES;
				CLANG_WARN_OBJC_IMPLICIT_RETAIN_SELF = YES;
				CLANG_WARN_OBJC_LITERAL_CONVERSION = YES;
				CLANG_WARN_OBJC_ROOT_CLASS = YES_ERROR;
				CLANG_WARN_QUOTED_INCLUDE_IN_FRAMEWORK_HEADER = YES;
				CLANG_WARN_RANGE_LOOP_ANALYSIS = YES;
				CLANG_WARN_STRICT_PROTOTYPES = YES;
				CLANG_WARN_SUSPICIOUS_MOVE = YES;
				CLANG_WARN_UNGUARDED_AVAILABILITY = YES_AGGRESSIVE;
				CLANG_WARN_UNREACHABLE_CODE = YES;
				CLANG_WARN__DUPLICATE_METHOD_MATCH = YES;
				COPY_PHASE_STRIP = NO;
				DEBUG_INFORMATION_FORMAT = "dwarf-with-dsym";
				ENABLE_NS_ASSERTIONS = NO;
				ENABLE_STRICT_OBJC_MSGSEND = YES;
				GCC_C_LANGUAGE_STANDARD = gnu11;
				GCC_NO_COMMON_BLOCKS = YES;
				GCC_WARN_64_TO_32_BIT_CONVERSION = YES;
				GCC_WARN_ABOUT_RETURN_TYPE = YES_ERROR;
				GCC_WARN_UNDECLARED_SELECTOR = YES;
				GCC_WARN_UNINITIALIZED_AUTOS = YES_AGGRESSIVE;
				GCC_WARN_UNUSED_FUNCTION = YES;
				GCC_WARN_UNUSED_VARIABLE = YES;
				IPHONEOS_DEPLOYMENT_TARGET = 15.2;
				MTL_ENABLE_DEBUG_INFO = NO;
				MTL_FAST_MATH = YES;
				SDKROOT = iphoneos;
				SWIFT_COMPILATION_MODE = wholemodule;
				SWIFT_OPTIMIZATION_LEVEL = "-O";
				VALIDATE_PRODUCT = YES;
			};
			name = Release;
		};
		F7BB4A482771FE1E0040A3C3 /* Debug */ = {
			isa = XCBuildConfiguration;
			buildSettings = {
				ASSETCATALOG_COMPILER_APPICON_NAME = AppIcon;
				ASSETCATALOG_COMPILER_GLOBAL_ACCENT_COLOR_NAME = AccentColor;
				CODE_SIGN_STYLE = Automatic;
				CURRENT_PROJECT_VERSION = 1;
				DEVELOPMENT_ASSET_PATHS = "\"a/Preview Content\"";
				ENABLE_PREVIEWS = YES;
				GENERATE_INFOPLIST_FILE = YES;
				INFOPLIST_KEY_NSCameraUsageDescription = "";
				INFOPLIST_KEY_UIApplicationSupportsIndirectInputEvents = YES;
				INFOPLIST_KEY_UILaunchScreen_Generation = YES;
				INFOPLIST_KEY_UIRequiredDeviceCapabilities = arkit;
				INFOPLIST_KEY_UIStatusBarHidden = YES;
				INFOPLIST_KEY_UISupportedInterfaceOrientations_iPad = "UIInterfaceOrientationPortrait UIInterfaceOrientationPortraitUpsideDown UIInterfaceOrientationLandscapeLeft UIInterfaceOrientationLandscapeRight";
				INFOPLIST_KEY_UISupportedInterfaceOrientations_iPhone = "UIInterfaceOrientationPortrait UIInterfaceOrientationLandscapeLeft UIInterfaceOrientationLandscapeRight";
				LD_RUNPATH_SEARCH_PATHS = (
					"$(inherited)",
					"@executable_path/Frameworks",
				);
				MARKETING_VERSION = 1.0;
				PRODUCT_BUNDLE_IDENTIFIER = sid.a;
				PRODUCT_NAME = "$(TARGET_NAME)";
				SWIFT_EMIT_LOC_STRINGS = YES;
				SWIFT_VERSION = 5.0;
				TARGETED_DEVICE_FAMILY = "1,2";
			};
			name = Debug;
		};
		F7BB4A492771FE1E0040A3C3 /* Release */ = {
			isa = XCBuildConfiguration;
			buildSettings = {
				ASSETCATALOG_COMPILER_APPICON_NAME = AppIcon;
				ASSETCATALOG_COMPILER_GLOBAL_ACCENT_COLOR_NAME = AccentColor;
				CODE_SIGN_STYLE = Automatic;
				CURRENT_PROJECT_VERSION = 1;
				DEVELOPMENT_ASSET_PATHS = "\"a/Preview Content\"";
				ENABLE_PREVIEWS = YES;
				GENERATE_INFOPLIST_FILE = YES;
				INFOPLIST_KEY_NSCameraUsageDescription = "";
				INFOPLIST_KEY_UIApplicationSupportsIndirectInputEvents = YES;
				INFOPLIST_KEY_UILaunchScreen_Generation = YES;
				INFOPLIST_KEY_UIRequiredDeviceCapabilities = arkit;
				INFOPLIST_KEY_UIStatusBarHidden = YES;
				INFOPLIST_KEY_UISupportedInterfaceOrientations_iPad = "UIInterfaceOrientationPortrait UIInterfaceOrientationPortraitUpsideDown UIInterfaceOrientationLandscapeLeft UIInterfaceOrientationLandscapeRight";
				INFOPLIST_KEY_UISupportedInterfaceOrientations_iPhone = "UIInterfaceOrientationPortrait UIInterfaceOrientationLandscapeLeft UIInterfaceOrientationLandscapeRight";
				LD_RUNPATH_SEARCH_PATHS = (
					"$(inherited)",
					"@executable_path/Frameworks",
				);
				MARKETING_VERSION = 1.0;
				PRODUCT_BUNDLE_IDENTIFIER = sid.a;
				PRODUCT_NAME = "$(TARGET_NAME)";
				SWIFT_EMIT_LOC_STRINGS = YES;
				SWIFT_VERSION = 5.0;
				TARGETED_DEVICE_FAMILY = "1,2";
			};
			name = Release;
		};
		F7BB4A4B2771FE1E0040A3C3 /* Debug */ = {
			isa = XCBuildConfiguration;
			buildSettings = {
				ALWAYS_EMBED_SWIFT_STANDARD_LIBRARIES = YES;
				BUNDLE_LOADER = "$(TEST_HOST)";
				CODE_SIGN_STYLE = Automatic;
				CURRENT_PROJECT_VERSION = 1;
				GENERATE_INFOPLIST_FILE = YES;
				IPHONEOS_DEPLOYMENT_TARGET = 15.2;
				MARKETING_VERSION = 1.0;
				PRODUCT_BUNDLE_IDENTIFIER = sid.aTests;
				PRODUCT_NAME = "$(TARGET_NAME)";
				SWIFT_EMIT_LOC_STRINGS = NO;
				SWIFT_VERSION = 5.0;
				TARGETED_DEVICE_FAMILY = "1,2";
				TEST_HOST = "$(BUILT_PRODUCTS_DIR)/a.app/a";
			};
			name = Debug;
		};
		F7BB4A4C2771FE1E0040A3C3 /* Release */ = {
			isa = XCBuildConfiguration;
			buildSettings = {
				ALWAYS_EMBED_SWIFT_STANDARD_LIBRARIES = YES;
				BUNDLE_LOADER = "$(TEST_HOST)";
				CODE_SIGN_STYLE = Automatic;
				CURRENT_PROJECT_VERSION = 1;
				GENERATE_INFOPLIST_FILE = YES;
				IPHONEOS_DEPLOYMENT_TARGET = 15.2;
				MARKETING_VERSION = 1.0;
				PRODUCT_BUNDLE_IDENTIFIER = sid.aTests;
				PRODUCT_NAME = "$(TARGET_NAME)";
				SWIFT_EMIT_LOC_STRINGS = NO;
				SWIFT_VERSION = 5.0;
				TARGETED_DEVICE_FAMILY = "1,2";
				TEST_HOST = "$(BUILT_PRODUCTS_DIR)/a.app/a";
			};
			name = Release;
		};
		F7BB4A4E2771FE1E0040A3C3 /* Debug */ = {
			isa = XCBuildConfiguration;
			buildSettings = {
				ALWAYS_EMBED_SWIFT_STANDARD_LIBRARIES = YES;
				CODE_SIGN_STYLE = Automatic;
				CURRENT_PROJECT_VERSION = 1;
				GENERATE_INFOPLIST_FILE = YES;
				MARKETING_VERSION = 1.0;
				PRODUCT_BUNDLE_IDENTIFIER = sid.aUITests;
				PRODUCT_NAME = "$(TARGET_NAME)";
				SWIFT_EMIT_LOC_STRINGS = NO;
				SWIFT_VERSION = 5.0;
				TARGETED_DEVICE_FAMILY = "1,2";
				TEST_TARGET_NAME = a;
			};
			name = Debug;
		};
		F7BB4A4F2771FE1E0040A3C3 /* Release */ = {
			isa = XCBuildConfiguration;
			buildSettings = {
				ALWAYS_EMBED_SWIFT_STANDARD_LIBRARIES = YES;
				CODE_SIGN_STYLE = Automatic;
				CURRENT_PROJECT_VERSION = 1;
				GENERATE_INFOPLIST_FILE = YES;
				MARKETING_VERSION = 1.0;
				PRODUCT_BUNDLE_IDENTIFIER = sid.aUITests;
				PRODUCT_NAME = "$(TARGET_NAME)";
				SWIFT_EMIT_LOC_STRINGS = NO;
				SWIFT_VERSION = 5.0;
				TARGETED_DEVICE_FAMILY = "1,2";
				TEST_TARGET_NAME = a;
			};
			name = Release;
		};
/* End XCBuildConfiguration section */

/* Begin XCConfigurationList section */
		F7BB4A1C2771FE1D0040A3C3 /* Build configuration list for PBXProject "a" */ = {
			isa = XCConfigurationList;
			buildConfigurations = (
				F7BB4A452771FE1E0040A3C3 /* Debug */,
				F7BB4A462771FE1E0040A3C3 /* Release */,
			);
			defaultConfigurationIsVisible = 0;
			defaultConfigurationName = Release;
		};
		F7BB4A472771FE1E0040A3C3 /* Build configuration list for PBXNativeTarget "a" */ = {
			isa = XCConfigurationList;
			buildConfigurations = (
				F7BB4A482771FE1E0040A3C3 /* Debug */,
				F7BB4A492771FE1E0040A3C3 /* Release */,
			);
			defaultConfigurationIsVisible = 0;
			defaultConfigurationName = Release;
		};
		F7BB4A4A2771FE1E0040A3C3 /* Build configuration list for PBXNativeTarget "aTests" */ = {
			isa = XCConfigurationList;
			buildConfigurations = (
				F7BB4A4B2771FE1E0040A3C3 /* Debug */,
				F7BB4A4C2771FE1E0040A3C3 /* Release */,
			);
			defaultConfigurationIsVisible = 0;
			defaultConfigurationName = Release;
		};
		F7BB4A4D2771FE1E0040A3C3 /* Build configuration list for PBXNativeTarget "aUITests" */ = {
			isa = XCConfigurationList;
			buildConfigurations = (
				F7BB4A4E2771FE1E0040A3C3 /* Debug */,
				F7BB4A4F2771FE1E0040A3C3 /* Release */,
			);
			defaultConfigurationIsVisible = 0;
			defaultConfigurationName = Release;
		};
/* End XCConfigurationList section */
	};
	rootObject = F7BB4A192771FE1D0040A3C3 /* Project object */;
}
